{
  "version": "4",
  "remote": {
    "https://cdn.jsdelivr.net/npm/@xenova/transformers@2.6.1": "84f7766fdedd1c7423429ccf955080ea7c9d17507782a59c6bc3c9acc49b7e2c",
    "https://deno.land/std@0.150.0/media_types/_util.ts": "ce9b4fc4ba1c447dafab619055e20fd88236ca6bdd7834a21f98bd193c3fbfa1",
    "https://deno.land/std@0.150.0/media_types/mod.ts": "2d4b6f32a087029272dc59e0a55ae3cc4d1b27b794ccf528e94b1925795b3118",
    "https://deno.land/std@0.150.0/media_types/vendor/mime-db.v1.52.0.ts": "724cee25fa40f1a52d3937d6b4fbbfdd7791ff55e1b7ac08d9319d5632c7f5af",
    "https://deno.land/x/xhr@0.3.0/mod.ts": "094aacd627fd9635cd942053bf8032b5223b909858fa9dc8ffa583752ff63b20",
    "https://esm.sh/@supabase/supabase-js@2.21.0": "1d36cb2c512680c307c32c1fefef85bfff8c9d2373468c51b5aae8c7d8657570",
    "https://esm.sh/v132/character-entities@2.0.2/denonext/character-entities.mjs": "9e8657f056310ac3ca8058eaf96cef695ee13a4bf6c302674796a882464f305c",
    "https://esm.sh/v132/decode-named-character-reference@1.0.2/denonext/decode-named-character-reference.mjs": "4be025dafb89e8b341d4d1e9c1d58334ed5c20b316e3eefaee05bcdc83823b7f",
    "https://esm.sh/v132/longest-streak@3.1.0/denonext/longest-streak.mjs": "97b1d8c42d407e285971fea218d89a0404270c3b841a26ec62b83f62450ad573",
    "https://esm.sh/v132/mdast-util-from-markdown@2.0.0": "6690f21d4a360d76d7c3b09b7238c7c85b12fb5dcee261ab21055ef17b90ce94",
    "https://esm.sh/v132/mdast-util-from-markdown@2.0.0/denonext/mdast-util-from-markdown.mjs": "5479c6292a0ff88d67d009a3b054b6040d9ff06f062284f2a1f60c22825611d2",
    "https://esm.sh/v132/mdast-util-phrasing@4.0.0/denonext/mdast-util-phrasing.mjs": "24b605f97502a344b30e3b5baa958d68b437a25ebe91567a968309a13223467d",
    "https://esm.sh/v132/mdast-util-to-markdown@2.1.0": "7059a4d807cec46cc76e9a83f7117629259ed3bce53e1ff5851f4544d435672a",
    "https://esm.sh/v132/mdast-util-to-markdown@2.1.0/denonext/mdast-util-to-markdown.mjs": "c720f74d7eba93ecf53abe873689619e1007c389765d58b11165debb157325ef",
    "https://esm.sh/v132/mdast-util-to-string@4.0.0": "6a9ed5a08fa64fecbc1ad65463c7c4709fba6409161b577634602f21ee4c92ff",
    "https://esm.sh/v132/mdast-util-to-string@4.0.0/denonext/mdast-util-to-string.mjs": "eda9725fc0c7dc0e7b56998d2d8e4f29312cc5493cb7834c70f32fab2609103b",
    "https://esm.sh/v132/micromark-core-commonmark@2.0.0/denonext/micromark-core-commonmark.mjs": "328e57b250d2cbeb0d619a812de7ba798b38f316cee44071330fcdafad91e549",
    "https://esm.sh/v132/micromark-factory-destination@2.0.0/denonext/micromark-factory-destination.mjs": "f55f04244085d1be11ddb74ba299fb69b918acf17fa793dd7c6e8dafbebc11aa",
    "https://esm.sh/v132/micromark-factory-label@2.0.0/denonext/micromark-factory-label.mjs": "def247c67558bfd3db09450e16c35ee495393352a38c16c58b554e22d95759d7",
    "https://esm.sh/v132/micromark-factory-space@2.0.0/denonext/micromark-factory-space.mjs": "b33b55576a9f003913c7c8b6aa95c6491790dea9817ab655ce25f6456355dad8",
    "https://esm.sh/v132/micromark-factory-title@2.0.0/denonext/micromark-factory-title.mjs": "679d87f7bdbe6211d0a1115f9f690bc24a92368310e6a41c7f768007358c95f3",
    "https://esm.sh/v132/micromark-factory-whitespace@2.0.0/denonext/micromark-factory-whitespace.mjs": "27869d2ffbe47ed63d5f589de7f982577613ff26f14423988ad741505ff4de9e",
    "https://esm.sh/v132/micromark-util-character@2.0.1/denonext/micromark-util-character.mjs": "18b451d148e1ccc3a9b18e5c4061d44a0485e8ec65ad805d20b2950a51c7213b",
    "https://esm.sh/v132/micromark-util-chunked@2.0.0/denonext/micromark-util-chunked.mjs": "531cf323ba53649fdc30cd39ebba54253dfd847a4b23f806058ecc6cf67bca69",
    "https://esm.sh/v132/micromark-util-classify-character@2.0.0/denonext/micromark-util-classify-character.mjs": "63c32cdd08c94736aa98651858f9867937120d08ae1a663b6d29efe7bf965035",
    "https://esm.sh/v132/micromark-util-combine-extensions@2.0.0/denonext/micromark-util-combine-extensions.mjs": "1d7136f7cb8ff9fb01c340ee28bd17f8d2700dede006c4dc91b8fa8717f106bd",
    "https://esm.sh/v132/micromark-util-decode-numeric-character-reference@2.0.0/denonext/micromark-util-decode-numeric-character-reference.mjs": "5b73fb26d75893046bd4c7a8294cd58f2c60453dd42e1d99d3a0670105686057",
    "https://esm.sh/v132/micromark-util-decode-string@2.0.0/denonext/micromark-util-decode-string.mjs": "6446744da9dedb113ea63c9467223f73ddd68c35311ee08fa39b115f525a91e4",
    "https://esm.sh/v132/micromark-util-encode@2.0.0/denonext/micromark-util-encode.mjs": "6077703d774b2fd968ef53977add5d5d1e39ca0db74c5ee4359c540a5febcf48",
    "https://esm.sh/v132/micromark-util-html-tag-name@2.0.0/denonext/micromark-util-html-tag-name.mjs": "a32f6a4aa82498405a88103fd5b0b2e27a8c7f27dc506862f993bf1a1f1716b6",
    "https://esm.sh/v132/micromark-util-normalize-identifier@2.0.0/denonext/micromark-util-normalize-identifier.mjs": "f5b933ea50544d63e505ef11b7f257b97c5056e06417bac15ec02d3f00174c0e",
    "https://esm.sh/v132/micromark-util-resolve-all@2.0.0/denonext/micromark-util-resolve-all.mjs": "c11d87d63d808a26231323012295490931159830a66c00854693ec9279fa09fd",
    "https://esm.sh/v132/micromark-util-sanitize-uri@2.0.0/denonext/micromark-util-sanitize-uri.mjs": "f31c0ae4a6fe9c67c9656ed0bf58bc27968de0457944e1c9c5452f8afa9e2cb6",
    "https://esm.sh/v132/micromark-util-subtokenize@2.0.0/denonext/micromark-util-subtokenize.mjs": "dd6cfc81e5026a9601578585f107c791f84d1044d1d38c9e6ba8f22433d6da45",
    "https://esm.sh/v132/micromark@4.0.0/denonext/micromark.mjs": "e8845e13f000f737c162d18524ccce558d71836e85055718d9fe7e503eb5095e",
    "https://esm.sh/v132/unist-builder@4.0.0": "0d773bdd49106ce0995bd814562b05cb903f18f2f8bf5043a40d8e48156f96c4",
    "https://esm.sh/v132/unist-builder@4.0.0/denonext/unist-builder.mjs": "22caee0ff53c8b56c585a4df5853d0ae27cc218d21d35676ecf6162b45067fd9",
    "https://esm.sh/v132/unist-util-is@6.0.0/denonext/unist-util-is.mjs": "d92da46b3a1084450f150cc06c02f3bf85b93ab4c4b43a960d72a4f5678e95cc",
    "https://esm.sh/v132/unist-util-stringify-position@4.0.0/denonext/unist-util-stringify-position.mjs": "dabd32cb2b590bbb077fc6f6591a2e065cffd6c55646ba383455926a27ea64d7",
    "https://esm.sh/v132/unist-util-visit-parents@6.0.1/denonext/do-not-use-color.js": "a1c0a6b93471dd4ed996804dd8a2b9f753c83c4a2da98373253e6b312c8492e2",
    "https://esm.sh/v132/unist-util-visit-parents@6.0.1/denonext/unist-util-visit-parents.mjs": "4f162450f347a0612a99ca4acf49d3414f3ea8af1be9500f586bb1fed6d9f710",
    "https://esm.sh/v132/unist-util-visit@5.0.0/denonext/unist-util-visit.mjs": "376b3edcbdc9b038c8675fe785842b5b61a016dca8a3e89289262de20db21e92",
    "https://esm.sh/v132/zwitch@2.0.4/denonext/zwitch.mjs": "c0e8c246a1f38b425335ea78cc366a7801d3ef89701229a35f85a51310e6e49f",
    "https://esm.sh/v135/@supabase/functions-js@2.1.5/denonext/functions-js.mjs": "739affd2df20c1affd91991c3731c2537d270b82be5cdbd926c43be40eb2fdc5",
    "https://esm.sh/v135/@supabase/functions-js@2.4.3/denonext/functions-js.mjs": "98b9108627bcbb255f1e1d2f8fdc321ca2596a476b76cb8f9109862f1b50ca8c",
    "https://esm.sh/v135/@supabase/gotrue-js@2.57.0/denonext/gotrue-js.mjs": "a4e6768643628fc5445683f4f58090ea5b65c51c3abb165dc0a385cf8eae2121",
    "https://esm.sh/v135/@supabase/gotrue-js@2.66.0/denonext/gotrue-js.mjs": "61bcbb2eaff9d3fb957fe6b113a16479ac5205e348d04f3c2efd8ff096fd63ca",
    "https://esm.sh/v135/@supabase/node-fetch@2.6.14/denonext/node-fetch.mjs": "23a71af3512da67a8757ab1e2356fa22565758444ea1fc08e0de0e8d4625e8aa",
    "https://esm.sh/v135/@supabase/node-fetch@2.6.15/denonext/node-fetch.mjs": "efad00ea3d4cbe1bee688836ef75339d49a1981bc5728a13e9ad5f26791d5efb",
    "https://esm.sh/v135/@supabase/postgrest-js@1.17.6/denonext/postgrest-js.mjs": "c5f25f5d5b1955cc5f27ac76f7102a3465c3615bacafa9279fc5623b7d51c5ae",
    "https://esm.sh/v135/@supabase/postgrest-js@1.9.0/denonext/postgrest-js.mjs": "e6239e65dca3c73527af617ee406934dc509a33e4082a9da9c3aa6c430519cdf",
    "https://esm.sh/v135/@supabase/realtime-js@2.10.7/denonext/realtime-js.mjs": "83480b9b485872eebdbd5cfaf36b87fc943021ccb15f72b55e3548c9c72d9a0e",
    "https://esm.sh/v135/@supabase/realtime-js@2.8.4/denonext/realtime-js.mjs": "9f8af6f82b095b1b1d336a92c4ff8519a5b7f783a1e09eab005114b983cafd5d",
    "https://esm.sh/v135/@supabase/storage-js@2.5.4/denonext/storage-js.mjs": "dff68679fb795ec7e157b8f51cb0b8c544d6c3d57ecc093f5b15eb909439efcd",
    "https://esm.sh/v135/@supabase/storage-js@2.7.1/denonext/storage-js.mjs": "5ddd96a2213608015badb0778b4a446f641c843e017264978ab1e10f83b3cb21",
    "https://esm.sh/v135/@supabase/supabase-js@2.21.0/denonext/supabase-js.mjs": "f6f4cd702a24182735d44a41488adb00333c701164a550635d4b14b10c8c0269",
    "https://esm.sh/v135/bufferutil@4.0.8/denonext/bufferutil.mjs": "60a4618cbd1a5cb24935c55590b793d4ecb33862357d32e1d4614a0bbb90947f",
    "https://esm.sh/v135/cross-fetch@3.1.8/denonext/cross-fetch.mjs": "8fba9e7c3fbaf0d2168beb63ce0cd21b5bfbfbd77e2fcbf8d957d533a71222f6",
    "https://esm.sh/v135/es5-ext@0.10.62/denonext/global.js": "2f51d9acef1f761faaa542da919b3c747744ea29fe709d0a904fd531716a93d6",
    "https://esm.sh/v135/node-gyp-build@4.6.1/denonext/node-gyp-build.mjs": "5d28b312f145a6cb2ec0dbdd80a7d34c0e0e6b5dcada65411d8bcff6c8991cc6",
    "https://esm.sh/v135/node-gyp-build@4.8.1/denonext/node-gyp-build.mjs": "cddfc39c5f2d6e228fb1cd8cc36a594d870470b01348f866a7fb4e6f3ed8c66d",
    "https://esm.sh/v135/utf-8-validate@6.0.4/denonext/utf-8-validate.mjs": "ab4990b545a45f10f7711c69046ee3e9c5b732b9781937f922cefd3fc99d0e88",
    "https://esm.sh/v135/websocket@1.0.34/denonext/websocket.mjs": "dfe5d62007e9f7430d561e2376fe47caa9d04cb016d83d3386fcc2206a90296b",
    "https://esm.sh/v135/ws@8.18.0/denonext/ws.mjs": "b4c6f51c7c4d60d2a880889c9b07e00aa367adf20a8304a365cc5e09051a5004"
  }
}
